
Microsoft Visual Studio Solution File, Format Version 12.00
# Visual Studio Version 17
VisualStudioVersion = 17.5.33414.496
MinimumVisualStudioVersion = 10.0.40219.1
Project("{FAE04EC0-301F-11D3-BF4B-00C04F79EFBC}") = "Vista", "Ticket_Mantenimiento\Vista.csproj", "{0C02AC85-5028-4BD7-AED2-2BEFC519889E}"
EndProject
Project("{FAE04EC0-301F-11D3-BF4B-00C04F79EFBC}") = "Datos", "Datos\Datos.csproj", "{82521B80-7A26-4885-8430-85F513FE7072}"
EndProject
Project("{FAE04EC0-301F-11D3-BF4B-00C04F79EFBC}") = "Entidades", "Entidades\Entidades.csproj", "{EC29B3F9-1E33-4E6E-8142-60A09D9A889F}"
EndProject
Global
	GlobalSection(SolutionConfigurationPlatforms) = preSolution
		Debug|Any CPU = Debug|Any CPU
		Release|Any CPU = Release|Any CPU
	EndGlobalSection
	GlobalSection(ProjectConfigurationPlatforms) = postSolution
		{0C02AC85-5028-4BD7-AED2-2BEFC519889E}.Debug|Any CPU.ActiveCfg = Debug|Any CPU
		{0C02AC85-5028-4BD7-AED2-2BEFC519889E}.Debug|Any CPU.Build.0 = Debug|Any CPU
		{0C02AC85-5028-4BD7-AED2-2BEFC519889E}.Release|Any CPU.ActiveCfg = Release|Any CPU
		{0C02AC85-5028-4BD7-AED2-2BEFC519889E}.Release|Any CPU.Build.0 = Release|Any CPU
		{82521B80-7A26-4885-8430-85F513FE7072}.Debug|Any CPU.ActiveCfg = Debug|Any CPU
		{82521B80-7A26-4885-8430-85F513FE7072}.Debug|Any CPU.Build.0 = Debug|Any CPU
		{82521B80-7A26-4885-8430-85F513FE7072}.Release|Any CPU.ActiveCfg = Release|Any CPU
		{82521B80-7A26-4885-8430-85F513FE7072}.Release|Any CPU.Build.0 = Release|Any CPU
		{EC29B3F9-1E33-4E6E-8142-60A09D9A889F}.Debug|Any CPU.ActiveCfg = Debug|Any CPU
		{EC29B3F9-1E33-4E6E-8142-60A09D9A889F}.Debug|Any CPU.Build.0 = Debug|Any CPU
		{EC29B3F9-1E33-4E6E-8142-60A09D9A889F}.Release|Any CPU.ActiveCfg = Release|Any CPU
		{EC29B3F9-1E33-4E6E-8142-60A09D9A889F}.Release|Any CPU.Build.0 = Release|Any CPU
	EndGlobalSection
	GlobalSection(SolutionProperties) = preSolution
		HideSolutionNode = FALSE
	EndGlobalSection
	GlobalSection(ExtensibilityGlobals) = postSolution
		SolutionGuid = {7F327E93-782E-4CE2-B28A-468415ABC68D}
	EndGlobalSection
EndGlobal
